{
  "version": 1,
  "dependencies": {
    "net10.0-windows10.0.22621": {
      "MahApps.Metro": {
        "type": "Direct",
        "requested": "[2.4.11, )",
        "resolved": "2.4.11",
        "contentHash": "pvk757N/ViZy+zlbB56AakryuZkts328M6pX2mMn/Z7r5ifkScDrS300zSBjLd+eGOPeHgUjH4f7cZbRiMyvQg==",
        "dependencies": {
          "ControlzEx": "[4.4.0, 6.0.0)"
        }
      },
      "MahApps.Metro.IconPacks": {
        "type": "Direct",
        "requested": "[6.2.1, )",
        "resolved": "6.2.1",
        "contentHash": "D4iq02tGW42jn0go7M+mBI8uMkfAmUrPwQl9gaV3WqiIssjABwP9vAtU05NTWUx9lB0xl+YlfcnVfFoKki0Ylw==",
        "dependencies": {
          "MahApps.Metro.IconPacks.BootstrapIcons": "6.2.1",
          "MahApps.Metro.IconPacks.BoxIcons": "6.2.1",
          "MahApps.Metro.IconPacks.BoxIcons2": "6.2.1",
          "MahApps.Metro.IconPacks.CircumIcons": "6.2.1",
          "MahApps.Metro.IconPacks.Codicons": "6.2.1",
          "MahApps.Metro.IconPacks.Coolicons": "6.2.1",
          "MahApps.Metro.IconPacks.Core": "6.2.1",
          "MahApps.Metro.IconPacks.Entypo": "6.2.1",
          "MahApps.Metro.IconPacks.EvaIcons": "6.2.1",
          "MahApps.Metro.IconPacks.FeatherIcons": "6.2.1",
          "MahApps.Metro.IconPacks.FileIcons": "6.2.1",
          "MahApps.Metro.IconPacks.FontAwesome": "6.2.1",
          "MahApps.Metro.IconPacks.FontAwesome5": "6.2.1",
          "MahApps.Metro.IconPacks.FontAwesome6": "6.2.1",
          "MahApps.Metro.IconPacks.Fontaudio": "6.2.1",
          "MahApps.Metro.IconPacks.Fontisto": "6.2.1",
          "MahApps.Metro.IconPacks.ForkAwesome": "6.2.1",
          "MahApps.Metro.IconPacks.GameIcons": "6.2.1",
          "MahApps.Metro.IconPacks.Ionicons": "6.2.1",
          "MahApps.Metro.IconPacks.JamIcons": "6.2.1",
          "MahApps.Metro.IconPacks.KeyruneIcons": "6.2.1",
          "MahApps.Metro.IconPacks.Lucide": "6.2.1",
          "MahApps.Metro.IconPacks.Material": "6.2.1",
          "MahApps.Metro.IconPacks.MaterialDesign": "6.2.1",
          "MahApps.Metro.IconPacks.MaterialLight": "6.2.1",
          "MahApps.Metro.IconPacks.MemoryIcons": "6.2.1",
          "MahApps.Metro.IconPacks.Microns": "6.2.1",
          "MahApps.Metro.IconPacks.MingCuteIcons": "6.2.1",
          "MahApps.Metro.IconPacks.Modern": "6.2.1",
          "MahApps.Metro.IconPacks.MynaUIIcons": "6.2.1",
          "MahApps.Metro.IconPacks.Octicons": "6.2.1",
          "MahApps.Metro.IconPacks.PhosphorIcons": "6.2.1",
          "MahApps.Metro.IconPacks.PicolIcons": "6.2.1",
          "MahApps.Metro.IconPacks.PixelartIcons": "6.2.1",
          "MahApps.Metro.IconPacks.RPGAwesome": "6.2.1",
          "MahApps.Metro.IconPacks.RadixIcons": "6.2.1",
          "MahApps.Metro.IconPacks.RemixIcon": "6.2.1",
          "MahApps.Metro.IconPacks.SimpleIcons": "6.2.1",
          "MahApps.Metro.IconPacks.Typicons": "6.2.1",
          "MahApps.Metro.IconPacks.Unicons": "6.2.1",
          "MahApps.Metro.IconPacks.VaadinIcons": "6.2.1",
          "MahApps.Metro.IconPacks.WeatherIcons": "6.2.1",
          "MahApps.Metro.IconPacks.Zondicons": "6.2.1"
        }
      },
      "NLog": {
        "type": "Direct",
        "requested": "[6.1.3, )",
        "resolved": "6.1.3",
        "contentHash": "w4JFIUN3cjQobFOc6wuXtHTyMNaWfdAxOhMvCR0vHBNpl2kKSjNYYxzx1KsTtePufQeokFMEx9UbWTAqlICKjA=="
      },
      "System.ServiceModel.Duplex": {
        "type": "Direct",
        "requested": "[6.0.0, )",
        "resolved": "6.0.0",
        "contentHash": "Gyz/xzC3IdJjDDK9E4ii4MHsDBfQpX1NiO0aANdSJJOnlaxeFu/J8k5RdbRmm0EC8BA/UPHZ9zqQz26gtFeh2Q==",
        "dependencies": {
          "System.ServiceModel.Primitives": "6.0.0"
        }
      },
      "System.ServiceModel.Federation": {
        "type": "Direct",
        "requested": "[10.0.652802, )",
        "resolved": "10.0.652802",
        "contentHash": "vMFsWpaO1TFoQfRvGC8J3RrXtYFMUKwky+uUi4fc1U/kf4et/TMAqLg/um77Plev4kdsZv6rccFZkjYeu77DwQ==",
        "dependencies": {
          "Microsoft.IdentityModel.Protocols.WsTrust": "6.8.0",
          "Microsoft.IdentityModel.Tokens.Saml": "8.14.0",
          "Microsoft.IdentityModel.Xml": "8.14.0",
          "System.ServiceModel.Http": "10.0.652802",
          "System.ServiceModel.Primitives": "10.0.652802"
        }
      },
      "System.ServiceModel.Http": {
        "type": "Direct",
        "requested": "[10.0.652802, )",
        "resolved": "10.0.652802",
        "contentHash": "G02XZvmccf42QCU5MjviBIg69MSMAVHwL1inVPsNSpfp5g+t5BkQM3DyvWRLN4qmeFDWSF/mA1rIYONIDu/6Dg==",
        "dependencies": {
          "System.ServiceModel.Primitives": "10.0.652802"
        }
      },
      "System.ServiceModel.NetTcp": {
        "type": "Direct",
        "requested": "[10.0.652802, )",
        "resolved": "10.0.652802",
        "contentHash": "VFQgu0IRWUPuPTxHZkMmhPNGYqcu9RwpFcZpW5L941dunUY8nJAErtAWEZYKnj2zAWsm/88nLAEoFc4cuoC2zw==",
        "dependencies": {
          "System.ServiceModel.NetFramingBase": "10.0.652802",
          "System.ServiceModel.Primitives": "10.0.652802"
        }
      },
      "System.ServiceModel.Primitives": {
        "type": "Direct",
        "requested": "[10.0.652802, )",
        "resolved": "10.0.652802",
        "contentHash": "ULfGNl75BNXkpF42wNV2CDXJ64dUZZEa8xO2mBsc4tqbW9QjruxjEB6bAr4Z/T1rNU+leOztIjCJQYsBGFWYlw==",
        "dependencies": {
          "Microsoft.Extensions.ObjectPool": "10.0.0"
        }
      },
      "System.ServiceModel.Security": {
        "type": "Direct",
        "requested": "[6.0.0, )",
        "resolved": "6.0.0",
        "contentHash": "r/8fNXE/tzUgglw63px4jGc+Tdm3bh4nsMsAA2OvJYch9s4F243l549kBK9myqUVNp9FqnrTGn/1xNK1vh0LGQ==",
        "dependencies": {
          "System.ServiceModel.Primitives": "6.0.0"
        }
      },
      "ControlzEx": {
        "type": "Transitive",
        "resolved": "4.4.0",
        "contentHash": "pZ5z4hYWwE4R13UMCVs6vII//nL7hz+Nwn4oJlnsZJRGqJNy6Z9KnJiTZfly6lKFu0pMc1aWBZpx+VqFTQKP1Q==",
        "dependencies": {
          "Microsoft.Xaml.Behaviors.Wpf": "1.1.19"
        }
      },
      "MahApps.Metro.IconPacks.BootstrapIcons": {
        "type": "Transitive",
        "resolved": "6.2.1",
        "contentHash": "dTd5CaF63Ke2mWKlpagKEoU7sQmAtpoTyIMrZulPtI8N6OEkA6my3ekTPEt0OHu68zjiiXzZA5HLH2dlHUX+9w==",
        "dependencies": {
          "MahApps.Metro.IconPacks.Core": "6.2.1"
        }
      },
      "MahApps.Metro.IconPacks.BoxIcons": {
        "type": "Transitive",
        "resolved": "6.2.1",
        "contentHash": "fvxelxwj1Fr+osvmJnvlSthN34ZpwWMDacCWSGpylw8Pz+bFWcPIA3DxDMbxshvUhZ5dYzigCOxHZKG/BHPEdw==",
        "dependencies": {
          "MahApps.Metro.IconPacks.Core": "6.2.1"
        }
      },
      "MahApps.Metro.IconPacks.BoxIcons2": {
        "type": "Transitive",
        "resolved": "6.2.1",
        "contentHash": "TkTvGg1L/w3kCGB7D7Hqd3EhYevijeknuh/VGVsaF47J4eOwf42Y2zXV7rpCXAY13zfrGWCq8RQQdacwFStQow==",
        "dependencies": {
          "MahApps.Metro.IconPacks.Core": "6.2.1"
        }
      },
      "MahApps.Metro.IconPacks.CircumIcons": {
        "type": "Transitive",
        "resolved": "6.2.1",
        "contentHash": "6L+lBg3Cj8Tq1TK0FHIBvS4t9iDa9V966dGZrzNAryZD/jQ2ncvz4rIDsZpSnsrLIhxMqChLvNogg3sDEuchtA==",
        "dependencies": {
          "MahApps.Metro.IconPacks.Core": "6.2.1"
        }
      },
      "MahApps.Metro.IconPacks.Codicons": {
        "type": "Transitive",
        "resolved": "6.2.1",
        "contentHash": "+pQeVS29X7pG7qrJ4y0ZPSRUQVaWidwwM/tdoIABo40MQpC0Izg8t1BXnXprP0C10Od9Zzsi2Qt/GWgfEW/aSw==",
        "dependencies": {
          "MahApps.Metro.IconPacks.Core": "6.2.1"
        }
      },
      "MahApps.Metro.IconPacks.Coolicons": {
        "type": "Transitive",
        "resolved": "6.2.1",
        "contentHash": "YdAqLEsLON2ripNNXkzrVX3iHQgEVXvfcvChx/2UsFyefV63RMVRu1rXCtLrOGRm/NAl7okTu2d6IeUVj+bCFQ==",
        "dependencies": {
          "MahApps.Metro.IconPacks.Core": "6.2.1"
        }
      },
      "MahApps.Metro.IconPacks.Core": {
        "type": "Transitive",
        "resolved": "6.2.1",
        "contentHash": "ySAyax37C045Ef1ufN33yQjn3qPM1MuQLgKdxZKYUAl2uZaIrn9wCeBNvfG46QPNRvBFLR6gVKTs6O3o81LNhQ=="
      },
      "MahApps.Metro.IconPacks.Entypo": {
        "type": "Transitive",
        "resolved": "6.2.1",
        "contentHash": "H1xzNFcF1gPgkrMFT3RgVc+whTZ88+g1hFUzaRkZYjH7k4JGGxsb6dqVjHyMQCbSygCUiWNuzy0yzNrv1krQOg==",
        "dependencies": {
          "MahApps.Metro.IconPacks.Core": "6.2.1"
        }
      },
      "MahApps.Metro.IconPacks.EvaIcons": {
        "type": "Transitive",
        "resolved": "6.2.1",
        "contentHash": "bUQfSeAb0uphQrhks3Mhj5kk+WsqL22dPF5b9DSVrRi7bHgWt2+ciMZZp85Q+zFKtHM3PkdGC2nUbl0bBu6AyQ==",
        "dependencies": {
          "MahApps.Metro.IconPacks.Core": "6.2.1"
        }
      },
      "MahApps.Metro.IconPacks.FeatherIcons": {
        "type": "Transitive",
        "resolved": "6.2.1",
        "contentHash": "a5sxUHp39ejJu6p2wbbJT71tYY4zYuS+N4Vb9VxcnsQqaeMktuHtiy1ySR43h4dkdzhAohbyxvb9j80AkDXZLA==",
        "dependencies": {
          "MahApps.Metro.IconPacks.Core": "6.2.1"
        }
      },
      "MahApps.Metro.IconPacks.FileIcons": {
        "type": "Transitive",
        "resolved": "6.2.1",
        "contentHash": "Rir1rKL8LNhxhWNmVdWDbSRjoJg+y0t4kqDdD5zLH6T7uFm6yjPvIEK4pvA30NIFPgvl4bkN2TKQLv+7P4FNDw==",
        "dependencies": {
          "MahApps.Metro.IconPacks.Core": "6.2.1"
        }
      },
      "MahApps.Metro.IconPacks.Fontaudio": {
        "type": "Transitive",
        "resolved": "6.2.1",
        "contentHash": "AsYb9vBKtkYBPV/3OEGTijH+wrlxxPcMFRXVbbRZLz1E9JIoGxkRcwnFryWs2bhDIMiLVzj2DgYClqvJSovmEw==",
        "dependencies": {
          "MahApps.Metro.IconPacks.Core": "6.2.1"
        }
      },
      "MahApps.Metro.IconPacks.FontAwesome": {
        "type": "Transitive",
        "resolved": "6.2.1",
        "contentHash": "Su6jzajwH8rP7H5OGhXvyC2SlsoyH0pNwNCkDFSP5zyVQlMtmUZGOY8X0Qcj1QFn+t4TmEnMjwGMB6RuzozgEg==",
        "dependencies": {
          "MahApps.Metro.IconPacks.Core": "6.2.1"
        }
      },
      "MahApps.Metro.IconPacks.FontAwesome5": {
        "type": "Transitive",
        "resolved": "6.2.1",
        "contentHash": "PNTiFAT/+ro1SitUj8k+gGWDq7mC/eYD1cy8QfF84ZyCp+goLh5BApj0IGvv+eisLMw7hFIIzI8vIHQ1GbyExw==",
        "dependencies": {
          "MahApps.Metro.IconPacks.Core": "6.2.1"
        }
      },
      "MahApps.Metro.IconPacks.FontAwesome6": {
        "type": "Transitive",
        "resolved": "6.2.1",
        "contentHash": "IB2AdqnGAdM2RK8Ekmf8U2VBw7cAnRQHQaVJ1Kv/0Ek+VavsmUqlyotmSg28iL4Sq9BBC2SQrRbvuIGfz9seWA==",
        "dependencies": {
          "MahApps.Metro.IconPacks.Core": "6.2.1"
        }
      },
      "MahApps.Metro.IconPacks.Fontisto": {
        "type": "Transitive",
        "resolved": "6.2.1",
        "contentHash": "+JDR5+YpYq/iBdj7DZiT5XA4U5+I2kxqxGK6usqOi077iemIEXKWxhrEiWyruHfRQt4VrD/WGy27PrJzU/h6cA==",
        "dependencies": {
          "MahApps.Metro.IconPacks.Core": "6.2.1"
        }
      },
      "MahApps.Metro.IconPacks.ForkAwesome": {
        "type": "Transitive",
        "resolved": "6.2.1",
        "contentHash": "luVbeZF3hH7DQl+QCT6NV9vGJ8a1CtOJd0W2AShOms8YuAU4RnsHMm9jrrONpCBeVqQI8mpFRTzd0bYit8gilg==",
        "dependencies": {
          "MahApps.Metro.IconPacks.Core": "6.2.1"
        }
      },
      "MahApps.Metro.IconPacks.GameIcons": {
        "type": "Transitive",
        "resolved": "6.2.1",
        "contentHash": "oOVAHye1k+cjfXaGfBP6nu5AtZND65WhsolAqmS8wMtM5wPN5q0k8jUq3lxm5/MRMh+rCT99oAcZKmyDaRlcVA==",
        "dependencies": {
          "MahApps.Metro.IconPacks.Core": "6.2.1"
        }
      },
      "MahApps.Metro.IconPacks.Ionicons": {
        "type": "Transitive",
        "resolved": "6.2.1",
        "contentHash": "WBHtfiUfEGUPiLaJkQ2ZXipo01eRbW6PM6qI7S4LLPGs5FM9YIy6PiaeahN8FcYS/HnYx8E2HSJ99R+U+M2nBA==",
        "dependencies": {
          "MahApps.Metro.IconPacks.Core": "6.2.1"
        }
      },
      "MahApps.Metro.IconPacks.JamIcons": {
        "type": "Transitive",
        "resolved": "6.2.1",
        "contentHash": "9Jc2IzyBa0vASPCup7woKHTSwG31rtBvZsdpA+Jot++eWkZpvCpgWn8BKdcNcIh3Hjnve9qLzPWb11WobPO2CQ==",
        "dependencies": {
          "MahApps.Metro.IconPacks.Core": "6.2.1"
        }
      },
      "MahApps.Metro.IconPacks.KeyruneIcons": {
        "type": "Transitive",
        "resolved": "6.2.1",
        "contentHash": "9Cs7gIl1WCTsZHPgX0Ri32r8vTPi32Zxf/z/3CxLpfksY7qsTodCWWWlIgjEqxriWE/AGoUzdh1o73j5qtQ/RQ==",
        "dependencies": {
          "MahApps.Metro.IconPacks.Core": "6.2.1"
        }
      },
      "MahApps.Metro.IconPacks.Lucide": {
        "type": "Transitive",
        "resolved": "6.2.1",
        "contentHash": "xehG2J/Ljfa6NxlKCqvDxnxUMrApR0xSLGaoaFSVN531jF+WNZNAaUvE9qkxOHKZ+jpH4gUnb2sC3qNcpAGVkA==",
        "dependencies": {
          "MahApps.Metro.IconPacks.Core": "6.2.1"
        }
      },
      "MahApps.Metro.IconPacks.Material": {
        "type": "Transitive",
        "resolved": "6.2.1",
        "contentHash": "DcNQIsJLAmuzlpXdD2hQtMV8IzLRHsxFBn9+nHDLAsYs8duTBTycpNpQitkzuNYH0o+sgIbefCSp3jDUu9hIiQ==",
        "dependencies": {
          "MahApps.Metro.IconPacks.Core": "6.2.1"
        }
      },
      "MahApps.Metro.IconPacks.MaterialDesign": {
        "type": "Transitive",
        "resolved": "6.2.1",
        "contentHash": "qMQHCZzHoBZy3bcU9CBf9GusPMpbxy0DPxiJrfbhM7IHh/hK5xWREoP2TOevqAVTEOk3YszWbiJBkYo/oeEliw==",
        "dependencies": {
          "MahApps.Metro.IconPacks.Core": "6.2.1"
        }
      },
      "MahApps.Metro.IconPacks.MaterialLight": {
        "type": "Transitive",
        "resolved": "6.2.1",
        "contentHash": "8ypOe4HwSGnoQl/JIpC5hb6VnK+xFtSbvhlTmw+cnJVNluiwWdpJv+m9jpU3/9+SRkJRHVgHvEMwEXQx/XmS4A==",
        "dependencies": {
          "MahApps.Metro.IconPacks.Core": "6.2.1"
        }
      },
      "MahApps.Metro.IconPacks.MemoryIcons": {
        "type": "Transitive",
        "resolved": "6.2.1",
        "contentHash": "TIU3n0ZXhKgpSaSlqg3EEjPBp+E89UyV6nOhK4DCP9yUbnZ/CuLmkwrrd2rtt9au+VD+TB1lWbA6+3NjpH7G9Q==",
        "dependencies": {
          "MahApps.Metro.IconPacks.Core": "6.2.1"
        }
      },
      "MahApps.Metro.IconPacks.Microns": {
        "type": "Transitive",
        "resolved": "6.2.1",
        "contentHash": "stnuTZXy+k7BmKGvI4oP0NlspElhernJ4yFXUlEkA3X/38qlqq+YltM5KPPKgQo1BLHj58lOOn+U03grfdPI5A==",
        "dependencies": {
          "MahApps.Metro.IconPacks.Core": "6.2.1"
        }
      },
      "MahApps.Metro.IconPacks.MingCuteIcons": {
        "type": "Transitive",
        "resolved": "6.2.1",
        "contentHash": "AfMV+SbqWabsuQdS6wt7SpinS5cah+7Pkdj+bfhHBBizdMsL+nY8+tiwmKF1up+wfZm8lCvnrCQWTkJ2mMSjUA==",
        "dependencies": {
          "MahApps.Metro.IconPacks.Core": "6.2.1"
        }
      },
      "MahApps.Metro.IconPacks.Modern": {
        "type": "Transitive",
        "resolved": "6.2.1",
        "contentHash": "xCDNREDX37HZE1YIAwQ9YOwwhQLHRby1ec1FwLKRU6MWX0OJuceqk3HY3532xG7KpGGaOIV/dpB5vFq3oo+wug==",
        "dependencies": {
          "MahApps.Metro.IconPacks.Core": "6.2.1"
        }
      },
      "MahApps.Metro.IconPacks.MynaUIIcons": {
        "type": "Transitive",
        "resolved": "6.2.1",
        "contentHash": "StYsKBuK2kKfUdkKq6ZDa5xtlWk4gyI59ip9mS30niYxn4K0yAZIMEyx1EX4efpGanlLF4oPGZ/YUvWGfl98NA==",
        "dependencies": {
          "MahApps.Metro.IconPacks.Core": "6.2.1"
        }
      },
      "MahApps.Metro.IconPacks.Octicons": {
        "type": "Transitive",
        "resolved": "6.2.1",
        "contentHash": "1WGEPYjdcOMgXNspZHhYXooNJbylZyqLAkzXiCvlu1pW6HinBzaJI+vSkPtoZaF9QaMkSxwT2ZxG4mMkbhUowA==",
        "dependencies": {
          "MahApps.Metro.IconPacks.Core": "6.2.1"
        }
      },
      "MahApps.Metro.IconPacks.PhosphorIcons": {
        "type": "Transitive",
        "resolved": "6.2.1",
        "contentHash": "PTfhQXTe3INWoELJy0dCfm92/faS6hF3F/C4kZyTiVe9Pgf21cd5v7kIBeT2m/eNHyEBFZX2ifmk8Q3xK1dr7g==",
        "dependencies": {
          "MahApps.Metro.IconPacks.Core": "6.2.1"
        }
      },
      "MahApps.Metro.IconPacks.PicolIcons": {
        "type": "Transitive",
        "resolved": "6.2.1",
        "contentHash": "6lEuXdF77v9Ip4QoDEJm7+mrfVRz7EV3LJGxDzVfPsSPwA4VxIsqOU0xHKDQ/5Ekv+gPXW/PQtecfjlQ+UrWGw==",
        "dependencies": {
          "MahApps.Metro.IconPacks.Core": "6.2.1"
        }
      },
      "MahApps.Metro.IconPacks.PixelartIcons": {
        "type": "Transitive",
        "resolved": "6.2.1",
        "contentHash": "KJwxtRvqpMHRkghru0H7AZcDgUDpgNq4bQTclivcQyUTChedfZh64REfJ1B5QCfKdCKmvVMR66JpJnGoM6ekdA==",
        "dependencies": {
          "MahApps.Metro.IconPacks.Core": "6.2.1"
        }
      },
      "MahApps.Metro.IconPacks.RadixIcons": {
        "type": "Transitive",
        "resolved": "6.2.1",
        "contentHash": "1COtOqMAtgOydnx8cU/ukwNn4KRAzaFp5+SCucYgjyq0vdm1+1hi8inNDEZvIJqAhCSdCU13afFhsL/1KYLbBQ==",
        "dependencies": {
          "MahApps.Metro.IconPacks.Core": "6.2.1"
        }
      },
      "MahApps.Metro.IconPacks.RemixIcon": {
        "type": "Transitive",
        "resolved": "6.2.1",
        "contentHash": "ROcfFFN2S45IV7dqU6Alf8i5gMIG+4iArm8Mzb+KXjiyLOHpTZ/QHGIy9DtqIG4NuCO9pwf+fNTGCsDlXIG3TQ==",
        "dependencies": {
          "MahApps.Metro.IconPacks.Core": "6.2.1"
        }
      },
      "MahApps.Metro.IconPacks.RPGAwesome": {
        "type": "Transitive",
        "resolved": "6.2.1",
        "contentHash": "6zHlSIU5z5meUIjDpwX872Z9Zd1ZhBRuohWiy0a+AUevdOpPw9or7rGpiMAdAzEvmab4sy9Un787A4YC5LQr7w==",
        "dependencies": {
          "MahApps.Metro.IconPacks.Core": "6.2.1"
        }
      },
      "MahApps.Metro.IconPacks.SimpleIcons": {
        "type": "Transitive",
        "resolved": "6.2.1",
        "contentHash": "EbK+/s00A72ATU+Qpk72ZxQsLvVGGRD8UA/jsGDqV0Hlym0I//dtQjYwWxzfwmTp2Ay3Sh6RmLu49qqv3Ey2/Q==",
        "dependencies": {
          "MahApps.Metro.IconPacks.Core": "6.2.1"
        }
      },
      "MahApps.Metro.IconPacks.Typicons": {
        "type": "Transitive",
        "resolved": "6.2.1",
        "contentHash": "o6kNl3wKxsO1MkgRg8V/wY7un1ueNBbqy5Ut3Y46mC2vVzEwxcejss5+BtuO/oFud3GQtet2Ng53z+70dNjG4Q==",
        "dependencies": {
          "MahApps.Metro.IconPacks.Core": "6.2.1"
        }
      },
      "MahApps.Metro.IconPacks.Unicons": {
        "type": "Transitive",
        "resolved": "6.2.1",
        "contentHash": "JdTZD7CtLjcf+Ne0jN6EsyvG/Dl+v4w08OQRSC9XTknuVW/zlJyHcxbJy+NvkBdcO+Jup/TwNslV5g9xVheavQ==",
        "dependencies": {
          "MahApps.Metro.IconPacks.Core": "6.2.1"
        }
      },
      "MahApps.Metro.IconPacks.VaadinIcons": {
        "type": "Transitive",
        "resolved": "6.2.1",
        "contentHash": "6GOuzyvLNojG+NLZDULsWSfQ+RAh2v8W6n2iPWc+c1pDcmgbuKCPiazQXb0YpPuldGEOpK1ur6WJOXXsrTRR6A==",
        "dependencies": {
          "MahApps.Metro.IconPacks.Core": "6.2.1"
        }
      },
      "MahApps.Metro.IconPacks.WeatherIcons": {
        "type": "Transitive",
        "resolved": "6.2.1",
        "contentHash": "ChU6387+6rDPQZRS/L7wT4YFMmSvv0AdeCBAPVZTeW3SdeFt49tOWQvz2Xpb+N55Qn4tGjb+/lE2dg/NAYYU2w==",
        "dependencies": {
          "MahApps.Metro.IconPacks.Core": "6.2.1"
        }
      },
      "MahApps.Metro.IconPacks.Zondicons": {
        "type": "Transitive",
        "resolved": "6.2.1",
        "contentHash": "6+IMX7VptiD05ctXsjhEcvBHx0Gbj4DH1j13Ko5gk9yO7m6cCYaWqsKlt/GMH5CJEfa7Obz9+1pRstOzxZ03+A==",
        "dependencies": {
          "MahApps.Metro.IconPacks.Core": "6.2.1"
        }
      },
      "Microsoft.Extensions.DependencyInjection.Abstractions": {
        "type": "Transitive",
        "resolved": "8.0.0",
        "contentHash": "cjWrLkJXK0rs4zofsK4bSdg+jhDLTaxrkXu4gS6Y7MAlCvRyNNgwY/lJi5RDlQOnSZweHqoyvgvbdvQsRIW+hg=="
      },
      "Microsoft.Extensions.Logging.Abstractions": {
        "type": "Transitive",
        "resolved": "8.0.0",
        "contentHash": "arDBqTgFCyS0EvRV7O3MZturChstm50OJ0y9bDJvAcmEPJm0FFpFyjU/JLYyStNGGey081DvnQYlncNX5SJJGA==",
        "dependencies": {
          "Microsoft.Extensions.DependencyInjection.Abstractions": "8.0.0"
        }
      },
      "Microsoft.Extensions.ObjectPool": {
        "type": "Transitive",
        "resolved": "10.0.0",
        "contentHash": "bpeCq0IYmVLACyEUMzFIOQX+zZUElG1t+nu1lSxthe7B+1oNYking7b91305+jNB6iwojp9fqTY9O+Nh7ULQxg=="
      },
      "Microsoft.IdentityModel.Abstractions": {
        "type": "Transitive",
        "resolved": "8.14.0",
        "contentHash": "iwbCpSjD3ehfTwBhtSNEtKPK0ICun6ov7Ibx6ISNA9bfwIyzI2Siwyi9eJFCJBwxowK9xcA1mj+jBWiigeqgcQ=="
      },
      "Microsoft.IdentityModel.Logging": {
        "type": "Transitive",
        "resolved": "8.14.0",
        "contentHash": "eqqnemdW38CKZEHS6diA50BV94QICozDZEvSrsvN3SJXUFwVB9gy+/oz76gldP7nZliA16IglXjXTCTdmU/Ejg==",
        "dependencies": {
          "Microsoft.IdentityModel.Abstractions": "8.14.0"
        }
      },
      "Microsoft.IdentityModel.Protocols.WsTrust": {
        "type": "Transitive",
        "resolved": "6.8.0",
        "contentHash": "KiRRp/pAtbJtyK7wPIiUW1FMna1T0IEizDWFL9R0C60jk6t66U95fo0SPl3ztOkmnS4v7uF1zWjfAEgZ/i+Zhg==",
        "dependencies": {
          "Microsoft.IdentityModel.Tokens.Saml": "6.8.0",
          "Microsoft.IdentityModel.Xml": "6.8.0"
        }
      },
      "Microsoft.IdentityModel.Tokens": {
        "type": "Transitive",
        "resolved": "8.14.0",
        "contentHash": "lKIZiBiGd36k02TCdMHp1KlNWisyIvQxcYJvIkz7P4gSQ9zi8dgh6S5Grj8NNG7HWYIPfQymGyoZ6JB5d1Lo1g==",
        "dependencies": {
          "Microsoft.Extensions.Logging.Abstractions": "8.0.0",
          "Microsoft.IdentityModel.Logging": "8.14.0"
        }
      },
      "Microsoft.IdentityModel.Tokens.Saml": {
        "type": "Transitive",
        "resolved": "8.14.0",
        "contentHash": "5BW7diV0FhwltwqJsjNeTl/dwDAXrleO6MzQf+ZqaP41L0nl6Vtp3m608jGZZFY0gaKSl3XC+u3kJM/Ag2HeEA==",
        "dependencies": {
          "Microsoft.IdentityModel.Tokens": "8.14.0",
          "Microsoft.IdentityModel.Xml": "8.14.0"
        }
      },
      "Microsoft.IdentityModel.Xml": {
        "type": "Transitive",
        "resolved": "8.14.0",
        "contentHash": "HkaPuCJd92dyD8XDEtzX2yqb4CQtiZqU4oxEl6iyoDQlsx9coqhAIlnQ4/Q10B1hYtjWQFjYqACpOI8vJYoLQw==",
        "dependencies": {
          "Microsoft.IdentityModel.Tokens": "8.14.0"
        }
      },
      "Microsoft.Xaml.Behaviors.Wpf": {
        "type": "Transitive",
        "resolved": "1.1.19",
        "contentHash": "5sPWkbqImc2t1aQwIfJcKsUo7tOg1Tr8+6xVzZJB56Nzt4u9NlpcLofgdX/aRYpPKdWDA3U23Akw1KQzU5e82g=="
      },
      "System.ServiceModel.NetFramingBase": {
        "type": "Transitive",
        "resolved": "10.0.652802",
        "contentHash": "8/wx/Xnfm9LmGmK0banr05JJYNZmJzlxa8J5lfR7v3MM78QzSG8C3/HDi0/BjlOMeMZd21sX7oEFUhoucrk49w==",
        "dependencies": {
          "System.ServiceModel.Primitives": "10.0.652802"
        }
      }
    }
  }
}